
Microsoft Visual Studio Solution File, Format Version 12.00
# Visual Studio Version 16
VisualStudioVersion = 16.0.29326.143
MinimumVisualStudioVersion = 10.0.40219.1
Project("{888888A0-9F3D-457C-B088-3A5042F75D52}") = "LunarCalendarGenerator", "LunarCalendarGenerator\LunarCalendarGenerator.pyproj", "{6ED6F918-E6E1-4F07-828A-CBBC6B292CE1}"
EndProject
Global
	GlobalSection(SolutionConfigurationPlatforms) = preSolution
		Debug|Any CPU = Debug|Any CPU
		Release|Any CPU = Release|Any CPU
	EndGlobalSection
	GlobalSection(ProjectConfigurationPlatforms) = postSolution
		{6ED6F918-E6E1-4F07-828A-CBBC6B292CE1}.Debug|Any CPU.ActiveCfg = Debug|Any CPU
		{6ED6F918-E6E1-4F07-828A-CBBC6B292CE1}.Release|Any CPU.ActiveCfg = Release|Any CPU
	EndGlobalSection
	GlobalSection(SolutionProperties) = preSolution
		HideSolutionNode = FALSE
	EndGlobalSection
	GlobalSection(ExtensibilityGlobals) = postSolution
		SolutionGuid = {04CA476C-FBF4-431F-87FD-9D2F9305F49B}
	EndGlobalSection
EndGlobal
